
Microsoft Visual Studio Solution File, Format Version 12.00
# Visual Studio Version 17
VisualStudioVersion = 17.9.34728.123
MinimumVisualStudioVersion = 10.0.40219.1
Project("{FAE04EC0-301F-11D3-BF4B-00C04F79EFBC}") = "MonkeyStealer", "MonkeyStealer\MonkeyStealer.csproj", "{810D0B34-099B-4FDD-831D-CD558DBE3714}"
EndProject
Global
	GlobalSection(SolutionConfigurationPlatforms) = preSolution
		Debug|Any CPU = Debug|Any CPU
		Release|Any CPU = Release|Any CPU
	EndGlobalSection
	GlobalSection(ProjectConfigurationPlatforms) = postSolution
		{810D0B34-099B-4FDD-831D-CD558DBE3714}.Debug|Any CPU.ActiveCfg = Debug|Any CPU
		{810D0B34-099B-4FDD-831D-CD558DBE3714}.Debug|Any CPU.Build.0 = Debug|Any CPU
		{810D0B34-099B-4FDD-831D-CD558DBE3714}.Release|Any CPU.ActiveCfg = Release|Any CPU
		{810D0B34-099B-4FDD-831D-CD558DBE3714}.Release|Any CPU.Build.0 = Release|Any CPU
	EndGlobalSection
	GlobalSection(SolutionProperties) = preSolution
		HideSolutionNode = FALSE
	EndGlobalSection
	GlobalSection(ExtensibilityGlobals) = postSolution
		SolutionGuid = {B1FFE377-7A85-42F0-A94D-F9DD10F97935}
	EndGlobalSection
EndGlobal
